# This file is automatically @generated by Cargo.
# It is not intended for manual editing.
version = 4

[[package]]
name = "glib-2"
version = "0.1.0"
source = "git+https://github.com/shipsimfan/glib-2#224e213a5bcb2fa24384ff69a5dc86f5888d800d"

[[package]]
name = "nm"
version = "0.1.0"
dependencies = [
 "glib-2",
]
