# This file is automatically @generated by Cargo.
# It is not intended for manual editing.
version = 4

[[package]]
name = "glib-2"
version = "0.1.0"
source = "git+https://github.com/shipsimfan/glib-2#cd0e2495bd99d907c122409058d4863f5ac2bbaf"

[[package]]
name = "nm"
version = "0.1.0"
dependencies = [
 "glib-2",
]
